
Microsoft Visual Studio Solution File, Format Version 12.00
# Visual Studio 15
VisualStudioVersion = 15.0.27130.2027
MinimumVisualStudioVersion = 10.0.40219.1
Project("{FAE04EC0-301F-11D3-BF4B-00C04F79EFBC}") = "UI", "SysAnalizer\UI.csproj", "{1D65310B-2CF5-4FC3-9F5E-6EF9EB0BD37B}"
EndProject
Project("{FAE04EC0-301F-11D3-BF4B-00C04F79EFBC}") = "BE", "BE\BE.csproj", "{5254CDDB-BCB5-4D44-80E2-ACA6AB71DFFA}"
EndProject
Project("{FAE04EC0-301F-11D3-BF4B-00C04F79EFBC}") = "BLL", "BLL\BLL.csproj", "{38F6CE63-4A59-4DC9-B8A1-86D652931239}"
EndProject
Project("{FAE04EC0-301F-11D3-BF4B-00C04F79EFBC}") = "DAL", "DAL\DAL.csproj", "{E65D285D-3D62-4FF6-BE74-844E358A140D}"
EndProject
Project("{2150E333-8FDC-42A3-9474-1A3956D46DE8}") = ".nuget", ".nuget", "{21473F8A-C31E-439C-B133-4BAE60111683}"
	ProjectSection(SolutionItems) = preProject
		.nuget\packages.config = .nuget\packages.config
	EndProjectSection
EndProject
Project("{2150E333-8FDC-42A3-9474-1A3956D46DE8}") = "Test", "Test", "{19ED4DBA-8344-43F0-AD7B-ADB1EBD2A7B3}"
EndProject
Project("{FAE04EC0-301F-11D3-BF4B-00C04F79EFBC}") = "SysAnalizer.Dal.Test", "SysAnalizer.Dal.Test\SysAnalizer.Dal.Test.csproj", "{0BDA7497-113D-43C8-BDBA-61524DCDD252}"
EndProject
Global
	GlobalSection(SolutionConfigurationPlatforms) = preSolution
		Debug|Any CPU = Debug|Any CPU
		Release|Any CPU = Release|Any CPU
	EndGlobalSection
	GlobalSection(ProjectConfigurationPlatforms) = postSolution
		{1D65310B-2CF5-4FC3-9F5E-6EF9EB0BD37B}.Debug|Any CPU.ActiveCfg = Debug|Any CPU
		{1D65310B-2CF5-4FC3-9F5E-6EF9EB0BD37B}.Debug|Any CPU.Build.0 = Debug|Any CPU
		{1D65310B-2CF5-4FC3-9F5E-6EF9EB0BD37B}.Release|Any CPU.ActiveCfg = Release|Any CPU
		{1D65310B-2CF5-4FC3-9F5E-6EF9EB0BD37B}.Release|Any CPU.Build.0 = Release|Any CPU
		{5254CDDB-BCB5-4D44-80E2-ACA6AB71DFFA}.Debug|Any CPU.ActiveCfg = Debug|Any CPU
		{5254CDDB-BCB5-4D44-80E2-ACA6AB71DFFA}.Debug|Any CPU.Build.0 = Debug|Any CPU
		{5254CDDB-BCB5-4D44-80E2-ACA6AB71DFFA}.Release|Any CPU.ActiveCfg = Release|Any CPU
		{5254CDDB-BCB5-4D44-80E2-ACA6AB71DFFA}.Release|Any CPU.Build.0 = Release|Any CPU
		{38F6CE63-4A59-4DC9-B8A1-86D652931239}.Debug|Any CPU.ActiveCfg = Debug|Any CPU
		{38F6CE63-4A59-4DC9-B8A1-86D652931239}.Debug|Any CPU.Build.0 = Debug|Any CPU
		{38F6CE63-4A59-4DC9-B8A1-86D652931239}.Release|Any CPU.ActiveCfg = Release|Any CPU
		{38F6CE63-4A59-4DC9-B8A1-86D652931239}.Release|Any CPU.Build.0 = Release|Any CPU
		{E65D285D-3D62-4FF6-BE74-844E358A140D}.Debug|Any CPU.ActiveCfg = Debug|Any CPU
		{E65D285D-3D62-4FF6-BE74-844E358A140D}.Debug|Any CPU.Build.0 = Debug|Any CPU
		{E65D285D-3D62-4FF6-BE74-844E358A140D}.Release|Any CPU.ActiveCfg = Release|Any CPU
		{E65D285D-3D62-4FF6-BE74-844E358A140D}.Release|Any CPU.Build.0 = Release|Any CPU
		{0BDA7497-113D-43C8-BDBA-61524DCDD252}.Debug|Any CPU.ActiveCfg = Debug|Any CPU
		{0BDA7497-113D-43C8-BDBA-61524DCDD252}.Debug|Any CPU.Build.0 = Debug|Any CPU
		{0BDA7497-113D-43C8-BDBA-61524DCDD252}.Release|Any CPU.ActiveCfg = Release|Any CPU
		{0BDA7497-113D-43C8-BDBA-61524DCDD252}.Release|Any CPU.Build.0 = Release|Any CPU
	EndGlobalSection
	GlobalSection(SolutionProperties) = preSolution
		HideSolutionNode = FALSE
	EndGlobalSection
	GlobalSection(NestedProjects) = preSolution
		{0BDA7497-113D-43C8-BDBA-61524DCDD252} = {19ED4DBA-8344-43F0-AD7B-ADB1EBD2A7B3}
	EndGlobalSection
	GlobalSection(ExtensibilityGlobals) = postSolution
		SolutionGuid = {39537E4D-B084-4944-8FC3-11C579294C85}
	EndGlobalSection
EndGlobal
